Microsoft Visual Studio Solution File, Format Version 12.00
# Visual Studio 15
Project("{8BC9CEB8-8B4A-11D0-8D11-00A0C91BC942}") = "ALL_BUILD", "ALL_BUILD.vcxproj", "{53805501-098B-3DA1-994F-53EEE294ED9D}"
	ProjectSection(ProjectDependencies) = postProject
		{AE7FEFE8-718B-3CD3-AE83-402967B97EB9} = {AE7FEFE8-718B-3CD3-AE83-402967B97EB9}
		{3E76483E-1389-37D3-9768-41660BB5EFF3} = {3E76483E-1389-37D3-9768-41660BB5EFF3}
	EndProjectSection
EndProject
Project("{8BC9CEB8-8B4A-11D0-8D11-00A0C91BC942}") = "InventoryManagementSystem", "InventoryManagementSystem.vcxproj", "{AE7FEFE8-718B-3CD3-AE83-402967B97EB9}"
	ProjectSection(ProjectDependencies) = postProject
		{3E76483E-1389-37D3-9768-41660BB5EFF3} = {3E76483E-1389-37D3-9768-41660BB5EFF3}
	EndProjectSection
EndProject
Project("{8BC9CEB8-8B4A-11D0-8D11-00A0C91BC942}") = "ZERO_CHECK", "ZERO_CHECK.vcxproj", "{3E76483E-1389-37D3-9768-41660BB5EFF3}"
	ProjectSection(ProjectDependencies) = postProject
	EndProjectSection
EndProject
Global
	GlobalSection(SolutionConfigurationPlatforms) = preSolution
		Debug|Win32 = Debug|Win32
		Release|Win32 = Release|Win32
		MinSizeRel|Win32 = MinSizeRel|Win32
		RelWithDebInfo|Win32 = RelWithDebInfo|Win32
	EndGlobalSection
	GlobalSection(ProjectConfigurationPlatforms) = postSolution
		{53805501-098B-3DA1-994F-53EEE294ED9D}.Debug|Win32.ActiveCfg = Debug|Win32
		{53805501-098B-3DA1-994F-53EEE294ED9D}.Release|Win32.ActiveCfg = Release|Win32
		{53805501-098B-3DA1-994F-53EEE294ED9D}.MinSizeRel|Win32.ActiveCfg = MinSizeRel|Win32
		{53805501-098B-3DA1-994F-53EEE294ED9D}.RelWithDebInfo|Win32.ActiveCfg = RelWithDebInfo|Win32
		{AE7FEFE8-718B-3CD3-AE83-402967B97EB9}.Debug|Win32.ActiveCfg = Debug|Win32
		{AE7FEFE8-718B-3CD3-AE83-402967B97EB9}.Debug|Win32.Build.0 = Debug|Win32
		{AE7FEFE8-718B-3CD3-AE83-402967B97EB9}.Release|Win32.ActiveCfg = Release|Win32
		{AE7FEFE8-718B-3CD3-AE83-402967B97EB9}.Release|Win32.Build.0 = Release|Win32
		{AE7FEFE8-718B-3CD3-AE83-402967B97EB9}.MinSizeRel|Win32.ActiveCfg = MinSizeRel|Win32
		{AE7FEFE8-718B-3CD3-AE83-402967B97EB9}.MinSizeRel|Win32.Build.0 = MinSizeRel|Win32
		{AE7FEFE8-718B-3CD3-AE83-402967B97EB9}.RelWithDebInfo|Win32.ActiveCfg = RelWithDebInfo|Win32
		{AE7FEFE8-718B-3CD3-AE83-402967B97EB9}.RelWithDebInfo|Win32.Build.0 = RelWithDebInfo|Win32
		{3E76483E-1389-37D3-9768-41660BB5EFF3}.Debug|Win32.ActiveCfg = Debug|Win32
		{3E76483E-1389-37D3-9768-41660BB5EFF3}.Debug|Win32.Build.0 = Debug|Win32
		{3E76483E-1389-37D3-9768-41660BB5EFF3}.Release|Win32.ActiveCfg = Release|Win32
		{3E76483E-1389-37D3-9768-41660BB5EFF3}.Release|Win32.Build.0 = Release|Win32
		{3E76483E-1389-37D3-9768-41660BB5EFF3}.MinSizeRel|Win32.ActiveCfg = MinSizeRel|Win32
		{3E76483E-1389-37D3-9768-41660BB5EFF3}.MinSizeRel|Win32.Build.0 = MinSizeRel|Win32
		{3E76483E-1389-37D3-9768-41660BB5EFF3}.RelWithDebInfo|Win32.ActiveCfg = RelWithDebInfo|Win32
		{3E76483E-1389-37D3-9768-41660BB5EFF3}.RelWithDebInfo|Win32.Build.0 = RelWithDebInfo|Win32
	EndGlobalSection
	GlobalSection(ExtensibilityGlobals) = postSolution
		SolutionGuid = {68737178-EE2A-3FAF-A4EC-CE7CECFD75F3}
	EndGlobalSection
	GlobalSection(ExtensibilityAddIns) = postSolution
	EndGlobalSection
EndGlobal
